
Microsoft Visual Studio Solution File, Format Version 12.00
# Visual Studio Version 16
VisualStudioVersion = 16.0.30523.141
MinimumVisualStudioVersion = 10.0.40219.1
Project("{FAE04EC0-301F-11D3-BF4B-00C04F79EFBC}") = "Lab09", "Lab09\Lab09.csproj", "{2EC85916-4346-4103-BD3E-8FDA6B5BDE36}"
EndProject
Global
	GlobalSection(SolutionConfigurationPlatforms) = preSolution
		Debug|Any CPU = Debug|Any CPU
		Release|Any CPU = Release|Any CPU
	EndGlobalSection
	GlobalSection(ProjectConfigurationPlatforms) = postSolution
		{2EC85916-4346-4103-BD3E-8FDA6B5BDE36}.Debug|Any CPU.ActiveCfg = Debug|Any CPU
		{2EC85916-4346-4103-BD3E-8FDA6B5BDE36}.Debug|Any CPU.Build.0 = Debug|Any CPU
		{2EC85916-4346-4103-BD3E-8FDA6B5BDE36}.Release|Any CPU.ActiveCfg = Release|Any CPU
		{2EC85916-4346-4103-BD3E-8FDA6B5BDE36}.Release|Any CPU.Build.0 = Release|Any CPU
	EndGlobalSection
	GlobalSection(SolutionProperties) = preSolution
		HideSolutionNode = FALSE
	EndGlobalSection
	GlobalSection(ExtensibilityGlobals) = postSolution
		SolutionGuid = {A1BB3235-FA8E-4758-AA80-54BFC0E63413}
	EndGlobalSection
EndGlobal
